PODS:
  - Alamofire (4.6.0)
  - Bolts (1.9.0):
    - Bolts/AppLinks (= 1.9.0)
    - Bolts/Tasks (= 1.9.0)
  - Bolts/AppLinks (1.9.0):
    - Bolts/Tasks
  - Bolts/Tasks (1.9.0)
  - FBSDKCoreKit (4.32.0):
    - Bolts (~> 1.7)
  - FBSDKLoginKit (4.32.0):
    - FBSDKCoreKit
  - FBSDKShareKit (4.32.0):
    - FBSDKCoreKit (~> 4.32.0)
  - GPUImage (0.1.7)
  - HaishinKit (0.8.8):
    - Logboard (~> 1.1.2)
  - IQKeyboardManagerSwift (5.0.7)
  - Logboard (1.1.5)
  - MARKRangeSlider (1.1.1)
  - MBProgressHUD (1.0.0)
  - MediaWatermark (0.2.1)
  - Segmentio (2.1.2)
  - SwipeCellKit (2.0.1)

DEPENDENCIES:
  - Alamofire (~> 4.5)
  - Bolts
  - FBSDKCoreKit
  - FBSDKLoginKit
  - FBSDKShareKit
  - GPUImage
  - HaishinKit (~> 0.8.8)
  - IQKeyboardManagerSwift
  - MARKRangeSlider
  - MBProgressHUD (~> 1.0.0)
  - MediaWatermark
  - Segmentio (~> 2.1)
  - SwipeCellKit

SPEC REPOS:
  https://github.com/cocoapods/specs.git:
    - Alamofire
    - Bolts
    - FBSDKCoreKit
    - FBSDKLoginKit
    - FBSDKShareKit
    - GPUImage
    - HaishinKit
    - IQKeyboardManagerSwift
    - Logboard
    - MARKRangeSlider
    - MBProgressHUD
    - MediaWatermark
    - Segmentio
    - SwipeCellKit

SPEC CHECKSUMS:
  Alamofire: f41a599bd63041760b26d393ec1069d9d7b917f4
  Bolts: ac6567323eac61e203f6a9763667d0f711be34c8
  FBSDKCoreKit: 55d7f2ac45d9c4b9b6119f4e43900fe84b9b7b1b
  FBSDKLoginKit: 32ac05c2a59952c363c2e85aafa8f73ba93bcbad
  FBSDKShareKit: 658780d0d108b8ad590a54afb5ac1427bdc8de28
  GPUImage: 733a5f0fab92df9de1c37ba9df520a833ccb406d
  HaishinKit: 3f0079a56625050ea7f42af292ae9c554ff4872f
  IQKeyboardManagerSwift: 30fb3a61de1af53a95e02b80fb54ed0a19d5ede5
  Logboard: 1d82e88cc1e431d3854952d360f3996028dccd58
  MARKRangeSlider: ef7e1fe84d22996f47fd72dcb8de50b9410aac47
  MBProgressHUD: 4890f671c94e8a0f3cf959aa731e9de2f036d71a
  MediaWatermark: 06444862fdecbcdaaf53c9129df0b6e36c83a33a
  Segmentio: f85114993e305bd9c522952eef8c2c4db732fd17
  SwipeCellKit: 76888d93d1843dc568fdf38fff21b15dbbcf6b28

PODFILE CHECKSUM: 8a0ceb98993107f9c3e46a8af1152dd7e60903f9

COCOAPODS: 1.5.2
