PODS:
  - Alamofire (4.6.0)
  - Bolts (1.9.0):
    - Bolts/AppLinks (= 1.9.0)
    - Bolts/Tasks (= 1.9.0)
  - Bolts/AppLinks (1.9.0):
    - Bolts/Tasks
  - Bolts/Tasks (1.9.0)
  - boost (1.51.0):
    - boost/graph-includes (= 1.51.0)
    - boost/math-includes (= 1.51.0)
    - boost/numeric-includes (= 1.51.0)
    - boost/pointer_cast-includes (= 1.51.0)
    - boost/preprocessor-includes (= 1.51.0)
    - boost/shared_ptr-includes (= 1.51.0)
    - boost/string_algorithms-includes (= 1.51.0)
  - boost/graph-includes (1.51.0)
  - boost/math-includes (1.51.0)
  - boost/numeric-includes (1.51.0)
  - boost/pointer_cast-includes (1.51.0)
  - boost/preprocessor-includes (1.51.0)
  - boost/shared_ptr-includes (1.51.0)
  - boost/string_algorithms-includes (1.51.0)
  - FBSDKCoreKit (4.32.0):
    - Bolts (~> 1.7)
  - FBSDKLoginKit (4.32.0):
    - FBSDKCoreKit
  - FBSDKShareKit (4.32.0):
    - FBSDKCoreKit (~> 4.32.0)
  - glm (0.9.4.6)
  - GPUImage (0.1.7)
  - IQKeyboardManagerSwift (5.0.7)
  - MARKRangeSlider (1.1.1)
  - MBProgressHUD (1.0.0)
  - MediaWatermark (0.2.1)
  - Segmentio (2.1.2)
  - SwipeCellKit (2.0.1)
  - UriParser-cpp (0.1.3)
  - VideoCore (0.3.2):
    - boost (~> 1.51.0)
    - glm (~> 0.9.4.6)
    - UriParser-cpp (~> 0.1.3)

DEPENDENCIES:
  - Alamofire (~> 4.5)
  - Bolts
  - FBSDKCoreKit
  - FBSDKLoginKit
  - FBSDKShareKit
  - GPUImage
  - IQKeyboardManagerSwift
  - MARKRangeSlider
  - MBProgressHUD (~> 1.0.0)
  - MediaWatermark
  - Segmentio (~> 2.1)
  - SwipeCellKit
  - VideoCore

SPEC CHECKSUMS:
  Alamofire: f41a599bd63041760b26d393ec1069d9d7b917f4
  Bolts: ac6567323eac61e203f6a9763667d0f711be34c8
  boost: 6c5c8d8daef26ac83c1e1c00ad14de62b80161d7
  FBSDKCoreKit: 55d7f2ac45d9c4b9b6119f4e43900fe84b9b7b1b
  FBSDKLoginKit: 32ac05c2a59952c363c2e85aafa8f73ba93bcbad
  FBSDKShareKit: 658780d0d108b8ad590a54afb5ac1427bdc8de28
  glm: e22c8d9df10404059b19c2952f9fa44d9a9f3056
  GPUImage: 733a5f0fab92df9de1c37ba9df520a833ccb406d
  IQKeyboardManagerSwift: 30fb3a61de1af53a95e02b80fb54ed0a19d5ede5
  MARKRangeSlider: ef7e1fe84d22996f47fd72dcb8de50b9410aac47
  MBProgressHUD: 4890f671c94e8a0f3cf959aa731e9de2f036d71a
  MediaWatermark: 06444862fdecbcdaaf53c9129df0b6e36c83a33a
  Segmentio: f85114993e305bd9c522952eef8c2c4db732fd17
  SwipeCellKit: 76888d93d1843dc568fdf38fff21b15dbbcf6b28
  UriParser-cpp: cbbe00080ee432ec4833dca863a7fc83adc9b01a
  VideoCore: 9b783edd81b91a80c5599bae1f98e9c93ee029e7

PODFILE CHECKSUM: f2b81ec949e504db2913ff7d7bbd733185076b32

COCOAPODS: 1.3.1
